Microsoft Visual Studio Solution File, Format Version 12.00
# Visual Studio Version 16
VisualStudioVersion = 16.0.29920.165
MinimumVisualStudioVersion = 15.0.26124.0
Project("{9A19103F-16F7-4668-BE54-9A1E7A4F7556}") = "File.Api", "File.Api\File.Api.csproj", "{62D5E2F5-DEB9-4212-AEF0-54813702D7F7}"
EndProject
Project("{9A19103F-16F7-4668-BE54-9A1E7A4F7556}") = "File.Api.PerformanceTests", "File.Api.PerformanceTests\File.Api.PerformanceTests.csproj", "{863516AF-0C49-4C34-9041-82D31282664A}"
EndProject
Project("{9A19103F-16F7-4668-BE54-9A1E7A4F7556}") = "UploadStream", "UploadStream\UploadStream.csproj", "{287553F7-8D4D-4078-AFC9-E7916F234C58}"
EndProject
Project("{9A19103F-16F7-4668-BE54-9A1E7A4F7556}") = "UploadStream.UnitTests", "UploadStream.UnitTests\UploadStream.UnitTests.csproj", "{10B3747E-EFE1-434A-B2DB-04C552350C38}"
EndProject
Project("{9A19103F-16F7-4668-BE54-9A1E7A4F7556}") = "File.Api.IntegrationTests", "File.Api.IntegrationTests\File.Api.IntegrationTests.csproj", "{6B59E1F0-C826-45E0-989D-65F2815B10F2}"
EndProject
Project("{2150E333-8FDC-42A3-9474-1A3956D46DE8}") = "Tests", "Tests", "{C1CB8118-9DBD-4297-9D8C-FEDB197B8579}"
EndProject
Project("{2150E333-8FDC-42A3-9474-1A3956D46DE8}") = ".project", ".project", "{3C66E9E0-C690-4554-8592-B3B2589F7DA6}"
	ProjectSection(SolutionItems) = preProject
		.editorconfig = .editorconfig
		.gitignore = .gitignore
		.gitlab-ci.yml = .gitlab-ci.yml
		readme.md = readme.md
	EndProjectSection
EndProject
Project("{2150E333-8FDC-42A3-9474-1A3956D46DE8}") = "resources", "resources", "{9C5FE72B-0B9D-4393-B10B-3FF6E6DD77C0}"
	ProjectSection(SolutionItems) = preProject
		resources\lg.jpg = resources\lg.jpg
		resources\md.jpg = resources\md.jpg
		resources\sm.jpg = resources\sm.jpg
		resources\xl.exe = resources\xl.exe
		resources\xs.png = resources\xs.png
		resources\xxl.exe = resources\xxl.exe
	EndProjectSection
EndProject
Global
	GlobalSection(SolutionConfigurationPlatforms) = preSolution
		Debug|Any CPU = Debug|Any CPU
		Debug|x64 = Debug|x64
		Debug|x86 = Debug|x86
		Release|Any CPU = Release|Any CPU
		Release|x64 = Release|x64
		Release|x86 = Release|x86
	EndGlobalSection
	GlobalSection(ProjectConfigurationPlatforms) = postSolution
		{62D5E2F5-DEB9-4212-AEF0-54813702D7F7}.Debug|Any CPU.ActiveCfg = Debug|Any CPU
		{62D5E2F5-DEB9-4212-AEF0-54813702D7F7}.Debug|Any CPU.Build.0 = Debug|Any CPU
		{62D5E2F5-DEB9-4212-AEF0-54813702D7F7}.Debug|x64.ActiveCfg = Debug|Any CPU
		{62D5E2F5-DEB9-4212-AEF0-54813702D7F7}.Debug|x64.Build.0 = Debug|Any CPU
		{62D5E2F5-DEB9-4212-AEF0-54813702D7F7}.Debug|x86.ActiveCfg = Debug|Any CPU
		{62D5E2F5-DEB9-4212-AEF0-54813702D7F7}.Debug|x86.Build.0 = Debug|Any CPU
		{62D5E2F5-DEB9-4212-AEF0-54813702D7F7}.Release|Any CPU.ActiveCfg = Release|Any CPU
		{62D5E2F5-DEB9-4212-AEF0-54813702D7F7}.Release|Any CPU.Build.0 = Release|Any CPU
		{62D5E2F5-DEB9-4212-AEF0-54813702D7F7}.Release|x64.ActiveCfg = Release|Any CPU
		{62D5E2F5-DEB9-4212-AEF0-54813702D7F7}.Release|x64.Build.0 = Release|Any CPU
		{62D5E2F5-DEB9-4212-AEF0-54813702D7F7}.Release|x86.ActiveCfg = Release|Any CPU
		{62D5E2F5-DEB9-4212-AEF0-54813702D7F7}.Release|x86.Build.0 = Release|Any CPU
		{863516AF-0C49-4C34-9041-82D31282664A}.Debug|Any CPU.ActiveCfg = Release|Any CPU
		{863516AF-0C49-4C34-9041-82D31282664A}.Debug|Any CPU.Build.0 = Release|Any CPU
		{863516AF-0C49-4C34-9041-82D31282664A}.Debug|x64.ActiveCfg = Debug|Any CPU
		{863516AF-0C49-4C34-9041-82D31282664A}.Debug|x64.Build.0 = Debug|Any CPU
		{863516AF-0C49-4C34-9041-82D31282664A}.Debug|x86.ActiveCfg = Debug|Any CPU
		{863516AF-0C49-4C34-9041-82D31282664A}.Debug|x86.Build.0 = Debug|Any CPU
		{863516AF-0C49-4C34-9041-82D31282664A}.Release|Any CPU.ActiveCfg = Release|Any CPU
		{863516AF-0C49-4C34-9041-82D31282664A}.Release|Any CPU.Build.0 = Release|Any CPU
		{863516AF-0C49-4C34-9041-82D31282664A}.Release|x64.ActiveCfg = Release|Any CPU
		{863516AF-0C49-4C34-9041-82D31282664A}.Release|x64.Build.0 = Release|Any CPU
		{863516AF-0C49-4C34-9041-82D31282664A}.Release|x86.ActiveCfg = Release|Any CPU
		{863516AF-0C49-4C34-9041-82D31282664A}.Release|x86.Build.0 = Release|Any CPU
		{287553F7-8D4D-4078-AFC9-E7916F234C58}.Debug|Any CPU.ActiveCfg = Debug|Any CPU
		{287553F7-8D4D-4078-AFC9-E7916F234C58}.Debug|Any CPU.Build.0 = Debug|Any CPU
		{287553F7-8D4D-4078-AFC9-E7916F234C58}.Debug|x64.ActiveCfg = Debug|Any CPU
		{287553F7-8D4D-4078-AFC9-E7916F234C58}.Debug|x64.Build.0 = Debug|Any CPU
		{287553F7-8D4D-4078-AFC9-E7916F234C58}.Debug|x86.ActiveCfg = Debug|Any CPU
		{287553F7-8D4D-4078-AFC9-E7916F234C58}.Debug|x86.Build.0 = Debug|Any CPU
		{287553F7-8D4D-4078-AFC9-E7916F234C58}.Release|Any CPU.ActiveCfg = Release|Any CPU
		{287553F7-8D4D-4078-AFC9-E7916F234C58}.Release|Any CPU.Build.0 = Release|Any CPU
		{287553F7-8D4D-4078-AFC9-E7916F234C58}.Release|x64.ActiveCfg = Release|Any CPU
		{287553F7-8D4D-4078-AFC9-E7916F234C58}.Release|x64.Build.0 = Release|Any CPU
		{287553F7-8D4D-4078-AFC9-E7916F234C58}.Release|x86.ActiveCfg = Release|Any CPU
		{287553F7-8D4D-4078-AFC9-E7916F234C58}.Release|x86.Build.0 = Release|Any CPU
		{10B3747E-EFE1-434A-B2DB-04C552350C38}.Debug|Any CPU.ActiveCfg = Debug|Any CPU
		{10B3747E-EFE1-434A-B2DB-04C552350C38}.Debug|Any CPU.Build.0 = Debug|Any CPU
		{10B3747E-EFE1-434A-B2DB-04C552350C38}.Debug|x64.ActiveCfg = Debug|Any CPU
		{10B3747E-EFE1-434A-B2DB-04C552350C38}.Debug|x64.Build.0 = Debug|Any CPU
		{10B3747E-EFE1-434A-B2DB-04C552350C38}.Debug|x86.ActiveCfg = Debug|Any CPU
		{10B3747E-EFE1-434A-B2DB-04C552350C38}.Debug|x86.Build.0 = Debug|Any CPU
		{10B3747E-EFE1-434A-B2DB-04C552350C38}.Release|Any CPU.ActiveCfg = Release|Any CPU
		{10B3747E-EFE1-434A-B2DB-04C552350C38}.Release|Any CPU.Build.0 = Release|Any CPU
		{10B3747E-EFE1-434A-B2DB-04C552350C38}.Release|x64.ActiveCfg = Release|Any CPU
		{10B3747E-EFE1-434A-B2DB-04C552350C38}.Release|x64.Build.0 = Release|Any CPU
		{10B3747E-EFE1-434A-B2DB-04C552350C38}.Release|x86.ActiveCfg = Release|Any CPU
		{10B3747E-EFE1-434A-B2DB-04C552350C38}.Release|x86.Build.0 = Release|Any CPU
		{6B59E1F0-C826-45E0-989D-65F2815B10F2}.Debug|Any CPU.ActiveCfg = Debug|Any CPU
		{6B59E1F0-C826-45E0-989D-65F2815B10F2}.Debug|Any CPU.Build.0 = Debug|Any CPU
		{6B59E1F0-C826-45E0-989D-65F2815B10F2}.Debug|x64.ActiveCfg = Debug|Any CPU
		{6B59E1F0-C826-45E0-989D-65F2815B10F2}.Debug|x64.Build.0 = Debug|Any CPU
		{6B59E1F0-C826-45E0-989D-65F2815B10F2}.Debug|x86.ActiveCfg = Debug|Any CPU
		{6B59E1F0-C826-45E0-989D-65F2815B10F2}.Debug|x86.Build.0 = Debug|Any CPU
		{6B59E1F0-C826-45E0-989D-65F2815B10F2}.Release|Any CPU.ActiveCfg = Release|Any CPU
		{6B59E1F0-C826-45E0-989D-65F2815B10F2}.Release|Any CPU.Build.0 = Release|Any CPU
		{6B59E1F0-C826-45E0-989D-65F2815B10F2}.Release|x64.ActiveCfg = Release|Any CPU
		{6B59E1F0-C826-45E0-989D-65F2815B10F2}.Release|x64.Build.0 = Release|Any CPU
		{6B59E1F0-C826-45E0-989D-65F2815B10F2}.Release|x86.ActiveCfg = Release|Any CPU
		{6B59E1F0-C826-45E0-989D-65F2815B10F2}.Release|x86.Build.0 = Release|Any CPU
	EndGlobalSection
	GlobalSection(SolutionProperties) = preSolution
		HideSolutionNode = FALSE
	EndGlobalSection
	GlobalSection(NestedProjects) = preSolution
		{863516AF-0C49-4C34-9041-82D31282664A} = {C1CB8118-9DBD-4297-9D8C-FEDB197B8579}
		{10B3747E-EFE1-434A-B2DB-04C552350C38} = {C1CB8118-9DBD-4297-9D8C-FEDB197B8579}
		{6B59E1F0-C826-45E0-989D-65F2815B10F2} = {C1CB8118-9DBD-4297-9D8C-FEDB197B8579}
	EndGlobalSection
	GlobalSection(ExtensibilityGlobals) = postSolution
		SolutionGuid = {79B2131E-3E25-4AEE-ADD1-33440F469E49}
	EndGlobalSection
EndGlobal
